# THIS IS AN AUTOGENERATED FILE. DO NOT EDIT THIS FILE DIRECTLY.
# yarn lockfile v1


argparse@^1.0.7:
  version "1.0.10"
  resolved "https://registry.yarnpkg.com/argparse/-/argparse-1.0.10.tgz#bcd6791ea5ae09725e17e5ad988134cd40b3d911"
  integrity sha512-o5Roy6tNG4SL/FOkCAN6RzjiakZS25RLYFrcMttJqbdd8BWrnA+fGz57iN5Pb06pvBGvl5gQ0B48dJlslXvoTg==
  dependencies:
    sprintf-js "~1.0.2"

converse.js@andibraeu/converse.js#v5.0.3-freifunk:
  version "5.0.3"
  resolved "https://codeload.github.com/andibraeu/converse.js/tar.gz/8437a14cf52f6778fed441221f456210170d41a6"

esprima@^4.0.0:
  version "4.0.1"
  resolved "https://registry.yarnpkg.com/esprima/-/esprima-4.0.1.tgz#13b04cdb3e6c5d19df91ab6987a8695619b0aa71"
  integrity sha512-eGuFFw7Upda+g4p+QHvnW0RyTX/SVeJBDM/gCtMARO0cLuT2HcEKnTPvhjV6aGeqrCB/sbNop0Kszm0jsaWU4A==

extend-shallow@^2.0.1:
  version "2.0.1"
  resolved "https://registry.yarnpkg.com/extend-shallow/-/extend-shallow-2.0.1.tgz#51af7d614ad9a9f610ea1bafbb989d6b1c56890f"
  integrity sha1-Ua99YUrZqfYQ6huvu5idaxxWiQ8=
  dependencies:
    is-extendable "^0.1.0"

is-extendable@^0.1.0:
  version "0.1.1"
  resolved "https://registry.yarnpkg.com/is-extendable/-/is-extendable-0.1.1.tgz#62b110e289a471418e3ec36a617d472e301dfc89"
  integrity sha1-YrEQ4omkcUGOPsNqYX1HLjAd/Ik=

js-yaml@^3.4.3, js-yaml@^3.6.1:
  version "3.13.1"
  resolved "https://registry.yarnpkg.com/js-yaml/-/js-yaml-3.13.1.tgz#aff151b30bfdfa8e49e05da22e7415e9dfa37847"
  integrity sha512-YfbcO7jXDdyj0DGxYVSlSeQNHbD7XPWvrVWeVUujrQEoZzWJIRrCPoyk6kL6IAjAG2IolMK4T0hNUe0HOUs5Jw==
  dependencies:
    argparse "^1.0.7"
    esprima "^4.0.0"

lazy-cache@^0.2.4:
  version "0.2.7"
  resolved "https://registry.yarnpkg.com/lazy-cache/-/lazy-cache-0.2.7.tgz#7feddf2dcb6edb77d11ef1d117ab5ffdf0ab1b65"
  integrity sha1-f+3fLctu23fRHvHRF6tf/fCrG2U=

minimist@0.0.8:
  version "0.0.8"
  resolved "https://registry.yarnpkg.com/minimist/-/minimist-0.0.8.tgz#857fcabfc3397d2625b8228262e86aa7a011b05d"
  integrity sha1-hX/Kv8M5fSYluCKCYuhqp6ARsF0=

mkdirp@^0.5.1:
  version "0.5.1"
  resolved "https://registry.yarnpkg.com/mkdirp/-/mkdirp-0.5.1.tgz#30057438eac6cf7f8c4767f38648d6697d75c903"
  integrity sha1-MAV0OOrGz3+MR2fzhkjWaX11yQM=
  dependencies:
    minimist "0.0.8"

sprintf-js@~1.0.2:
  version "1.0.3"
  resolved "https://registry.yarnpkg.com/sprintf-js/-/sprintf-js-1.0.3.tgz#04e6926f662895354f3dd015203633b857297e2c"
  integrity sha1-BOaSb2YolTVPPdAVIDYzuFcpfiw=

write-yaml@^0.2.2:
  version "0.2.2"
  resolved "https://registry.yarnpkg.com/write-yaml/-/write-yaml-0.2.2.tgz#106f837a0e9dc0eeb4d22f632405a3d824ced787"
  integrity sha1-EG+Deg6dwO600i9jJAWj2CTO14c=
  dependencies:
    extend-shallow "^2.0.1"
    js-yaml "^3.4.3"
    lazy-cache "^0.2.4"
    write "^0.2.1"

write@^0.2.1:
  version "0.2.1"
  resolved "https://registry.yarnpkg.com/write/-/write-0.2.1.tgz#5fc03828e264cea3fe91455476f7a3c566cb0757"
  integrity sha1-X8A4KOJkzqP+kUVUdvejxWbLB1c=
  dependencies:
    mkdirp "^0.5.1"
